// !$*UTF8*$!
{
	archiveVersion = 1;
	classes = {
	};
	objectVersion = 56;
	objects = {

/* Begin PBXBuildFile section */
		23078607299866710070BEC6 /* AppDelegate.swift in Sources */ = {isa = PBXBuildFile; fileRef = 23078606299866710070BEC6 /* AppDelegate.swift */; };
		23078609299866710070BEC6 /* SceneDelegate.swift in Sources */ = {isa = PBXBuildFile; fileRef = 23078608299866710070BEC6 /* SceneDelegate.swift */; };
		2307860B299866710070BEC6 /* ViewController.swift in Sources */ = {isa = PBXBuildFile; fileRef = 2307860A299866710070BEC6 /* ViewController.swift */; };
		2307860E299866710070BEC6 /* Main.storyboard in Resources */ = {isa = PBXBuildFile; fileRef = 2307860C299866710070BEC6 /* Main.storyboard */; };
		23078610299866730070BEC6 /* Assets.xcassets in Resources */ = {isa = PBXBuildFile; fileRef = 2307860F299866730070BEC6 /* Assets.xcassets */; };
		23078613299866730070BEC6 /* LaunchScreen.storyboard in Resources */ = {isa = PBXBuildFile; fileRef = 23078611299866730070BEC6 /* LaunchScreen.storyboard */; };
		2307861B299866DE0070BEC6 /* GoogleService-Info.plist in Resources */ = {isa = PBXBuildFile; fileRef = 2307861A299866DE0070BEC6 /* GoogleService-Info.plist */; };
		2307861E299869330070BEC6 /* FirebaseAnalytics in Frameworks */ = {isa = PBXBuildFile; productRef = 2307861D299869330070BEC6 /* FirebaseAnalytics */; };
		23078620299869330070BEC6 /* FirebaseAuth in Frameworks */ = {isa = PBXBuildFile; productRef = 2307861F299869330070BEC6 /* FirebaseAuth */; };
		23078622299869330070BEC6 /* FirebaseFirestore in Frameworks */ = {isa = PBXBuildFile; productRef = 23078621299869330070BEC6 /* FirebaseFirestore */; };
		23078624299869330070BEC6 /* FirebaseStorage in Frameworks */ = {isa = PBXBuildFile; productRef = 23078623299869330070BEC6 /* FirebaseStorage */; };
		23078626299871070070BEC6 /* SetData.swift in Sources */ = {isa = PBXBuildFile; fileRef = 23078625299871070070BEC6 /* SetData.swift */; };
		2307862A299872760070BEC6 /* DataModel.swift in Sources */ = {isa = PBXBuildFile; fileRef = 23078629299872760070BEC6 /* DataModel.swift */; };
		2307862C2998804B0070BEC6 /* AddData.swift in Sources */ = {isa = PBXBuildFile; fileRef = 2307862B2998804B0070BEC6 /* AddData.swift */; };
		230786312998ED210070BEC6 /* TableViewCell.swift in Sources */ = {isa = PBXBuildFile; fileRef = 2307862F2998ED210070BEC6 /* TableViewCell.swift */; };
		230786322998ED210070BEC6 /* TableViewCell.xib in Resources */ = {isa = PBXBuildFile; fileRef = 230786302998ED210070BEC6 /* TableViewCell.xib */; };
		2310966429D04D7400B52B67 /* GetData.swift in Sources */ = {isa = PBXBuildFile; fileRef = 2310966329D04D7400B52B67 /* GetData.swift */; };
/* End PBXBuildFile section */

/* Begin PBXFileReference section */
		23078603299866710070BEC6 /* SampleFirebase.app */ = {isa = PBXFileReference; explicitFileType = wrapper.application; includeInIndex = 0; path = SampleFirebase.app; sourceTree = BUILT_PRODUCTS_DIR; };
		23078606299866710070BEC6 /* AppDelegate.swift */ = {isa = PBXFileReference; lastKnownFileType = sourcecode.swift; path = AppDelegate.swift; sourceTree = "<group>"; };
		23078608299866710070BEC6 /* SceneDelegate.swift */ = {isa = PBXFileReference; lastKnownFileType = sourcecode.swift; path = SceneDelegate.swift; sourceTree = "<group>"; };
		2307860A299866710070BEC6 /* ViewController.swift */ = {isa = PBXFileReference; lastKnownFileType = sourcecode.swift; path = ViewController.swift; sourceTree = "<group>"; };
		2307860D299866710070BEC6 /* Base */ = {isa = PBXFileReference; lastKnownFileType = file.storyboard; name = Base; path = Base.lproj/Main.storyboard; sourceTree = "<group>"; };
		2307860F299866730070BEC6 /* Assets.xcassets */ = {isa = PBXFileReference; lastKnownFileType = folder.assetcatalog; path = Assets.xcassets; sourceTree = "<group>"; };
		23078612299866730070BEC6 /* Base */ = {isa = PBXFileReference; lastKnownFileType = file.storyboard; name = Base; path = Base.lproj/LaunchScreen.storyboard; sourceTree = "<group>"; };
		23078614299866730070BEC6 /* Info.plist */ = {isa = PBXFileReference; lastKnownFileType = text.plist.xml; path = Info.plist; sourceTree = "<group>"; };
		2307861A299866DE0070BEC6 /* GoogleService-Info.plist */ = {isa = PBXFileReference; fileEncoding = 4; lastKnownFileType = text.plist.xml; path = "GoogleService-Info.plist"; sourceTree = "<group>"; };
		23078625299871070070BEC6 /* SetData.swift */ = {isa = PBXFileReference; lastKnownFileType = sourcecode.swift; path = SetData.swift; sourceTree = "<group>"; };
		23078629299872760070BEC6 /* DataModel.swift */ = {isa = PBXFileReference; lastKnownFileType = sourcecode.swift; path = DataModel.swift; sourceTree = "<group>"; };
		2307862B2998804B0070BEC6 /* AddData.swift */ = {isa = PBXFileReference; lastKnownFileType = sourcecode.swift; path = AddData.swift; sourceTree = "<group>"; };
		2307862F2998ED210070BEC6 /* TableViewCell.swift */ = {isa = PBXFileReference; lastKnownFileType = sourcecode.swift; path = TableViewCell.swift; sourceTree = "<group>"; };
		230786302998ED210070BEC6 /* TableViewCell.xib */ = {isa = PBXFileReference; lastKnownFileType = file.xib; path = TableViewCell.xib; sourceTree = "<group>"; };
		2310966329D04D7400B52B67 /* GetData.swift */ = {isa = PBXFileReference; lastKnownFileType = sourcecode.swift; path = GetData.swift; sourceTree = "<group>"; };
/* End PBXFileReference section */

/* Begin PBXFrameworksBuildPhase section */
		23078600299866710070BEC6 /* Frameworks */ = {
			isa = PBXFrameworksBuildPhase;
			buildActionMask = 2147483647;
			files = (
				2307861E299869330070BEC6 /* FirebaseAnalytics in Frameworks */,
				23078624299869330070BEC6 /* FirebaseStorage in Frameworks */,
				23078620299869330070BEC6 /* FirebaseAuth in Frameworks */,
				23078622299869330070BEC6 /* FirebaseFirestore in Frameworks */,
			);
			runOnlyForDeploymentPostprocessing = 0;
		};
/* End PBXFrameworksBuildPhase section */

/* Begin PBXGroup section */
		230785FA299866710070BEC6 = {
			isa = PBXGroup;
			children = (
				23078605299866710070BEC6 /* SampleFirebase */,
				23078604299866710070BEC6 /* Products */,
			);
			sourceTree = "<group>";
		};
		23078604299866710070BEC6 /* Products */ = {
			isa = PBXGroup;
			children = (
				23078603299866710070BEC6 /* SampleFirebase.app */,
			);
			name = Products;
			sourceTree = "<group>";
		};
		23078605299866710070BEC6 /* SampleFirebase */ = {
			isa = PBXGroup;
			children = (
				23078606299866710070BEC6 /* AppDelegate.swift */,
				23078608299866710070BEC6 /* SceneDelegate.swift */,
				23078628299872230070BEC6 /* Model */,
				23078627299871FF0070BEC6 /* ViewController */,
				2307860F299866730070BEC6 /* Assets.xcassets */,
				23078611299866730070BEC6 /* LaunchScreen.storyboard */,
				23078614299866730070BEC6 /* Info.plist */,
				2307861A299866DE0070BEC6 /* GoogleService-Info.plist */,
			);
			path = SampleFirebase;
			sourceTree = "<group>";
		};
		23078627299871FF0070BEC6 /* ViewController */ = {
			isa = PBXGroup;
			children = (
				2307860A299866710070BEC6 /* ViewController.swift */,
				2307860C299866710070BEC6 /* Main.storyboard */,
				2307862F2998ED210070BEC6 /* TableViewCell.swift */,
				230786302998ED210070BEC6 /* TableViewCell.xib */,
			);
			path = ViewController;
			sourceTree = "<group>";
		};
		23078628299872230070BEC6 /* Model */ = {
			isa = PBXGroup;
			children = (
				23078625299871070070BEC6 /* SetData.swift */,
				2307862B2998804B0070BEC6 /* AddData.swift */,
				2310966329D04D7400B52B67 /* GetData.swift */,
				23078629299872760070BEC6 /* DataModel.swift */,
			);
			path = Model;
			sourceTree = "<group>";
		};
/* End PBXGroup section */

/* Begin PBXNativeTarget section */
		23078602299866710070BEC6 /* SampleFirebase */ = {
			isa = PBXNativeTarget;
			buildConfigurationList = 23078617299866730070BEC6 /* Build configuration list for PBXNativeTarget "SampleFirebase" */;
			buildPhases = (
				230785FF299866710070BEC6 /* Sources */,
				23078600299866710070BEC6 /* Frameworks */,
				23078601299866710070BEC6 /* Resources */,
			);
			buildRules = (
			);
			dependencies = (
			);
			name = SampleFirebase;
			packageProductDependencies = (
				2307861D299869330070BEC6 /* FirebaseAnalytics */,
				2307861F299869330070BEC6 /* FirebaseAuth */,
				23078621299869330070BEC6 /* FirebaseFirestore */,
				23078623299869330070BEC6 /* FirebaseStorage */,
			);
			productName = SampleFirebase;
			productReference = 23078603299866710070BEC6 /* SampleFirebase.app */;
			productType = "com.apple.product-type.application";
		};
/* End PBXNativeTarget section */

/* Begin PBXProject section */
		230785FB299866710070BEC6 /* Project object */ = {
			isa = PBXProject;
			attributes = {
				BuildIndependentTargetsInParallel = 1;
				LastSwiftUpdateCheck = 1420;
				LastUpgradeCheck = 1420;
				TargetAttributes = {
					23078602299866710070BEC6 = {
						CreatedOnToolsVersion = 14.2;
					};
				};
			};
			buildConfigurationList = 230785FE299866710070BEC6 /* Build configuration list for PBXProject "SampleFirebase" */;
			compatibilityVersion = "Xcode 14.0";
			developmentRegion = en;
			hasScannedForEncodings = 0;
			knownRegions = (
				en,
				Base,
			);
			mainGroup = 230785FA299866710070BEC6;
			packageReferences = (
				2307861C299869330070BEC6 /* XCRemoteSwiftPackageReference "firebase-ios-sdk" */,
			);
			productRefGroup = 23078604299866710070BEC6 /* Products */;
			projectDirPath = "";
			projectRoot = "";
			targets = (
				23078602299866710070BEC6 /* SampleFirebase */,
			);
		};
/* End PBXProject section */

/* Begin PBXResourcesBuildPhase section */
		23078601299866710070BEC6 /* Resources */ = {
			isa = PBXResourcesBuildPhase;
			buildActionMask = 2147483647;
			files = (
				23078613299866730070BEC6 /* LaunchScreen.storyboard in Resources */,
				230786322998ED210070BEC6 /* TableViewCell.xib in Resources */,
				2307861B299866DE0070BEC6 /* GoogleService-Info.plist in Resources */,
				23078610299866730070BEC6 /* Assets.xcassets in Resources */,
				2307860E299866710070BEC6 /* Main.storyboard in Resources */,
			);
			runOnlyForDeploymentPostprocessing = 0;
		};
/* End PBXResourcesBuildPhase section */

/* Begin PBXSourcesBuildPhase section */
		230785FF299866710070BEC6 /* Sources */ = {
			isa = PBXSourcesBuildPhase;
			buildActionMask = 2147483647;
			files = (
				2307862A299872760070BEC6 /* DataModel.swift in Sources */,
				2307862C2998804B0070BEC6 /* AddData.swift in Sources */,
				2310966429D04D7400B52B67 /* GetData.swift in Sources */,
				2307860B299866710070BEC6 /* ViewController.swift in Sources */,
				23078607299866710070BEC6 /* AppDelegate.swift in Sources */,
				23078626299871070070BEC6 /* SetData.swift in Sources */,
				230786312998ED210070BEC6 /* TableViewCell.swift in Sources */,
				23078609299866710070BEC6 /* SceneDelegate.swift in Sources */,
			);
			runOnlyForDeploymentPostprocessing = 0;
		};
/* End PBXSourcesBuildPhase section */

/* Begin PBXVariantGroup section */
		2307860C299866710070BEC6 /* Main.storyboard */ = {
			isa = PBXVariantGroup;
			children = (
				2307860D299866710070BEC6 /* Base */,
			);
			name = Main.storyboard;
			sourceTree = "<group>";
		};
		23078611299866730070BEC6 /* LaunchScreen.storyboard */ = {
			isa = PBXVariantGroup;
			children = (
				23078612299866730070BEC6 /* Base */,
			);
			name = LaunchScreen.storyboard;
			sourceTree = "<group>";
		};
/* End PBXVariantGroup section */

/* Begin XCBuildConfiguration section */
		23078615299866730070BEC6 /* Debug */ = {
			isa = XCBuildConfiguration;
			buildSettings = {
				ALWAYS_SEARCH_USER_PATHS = NO;
				CLANG_ANALYZER_NONNULL = YES;
				CLANG_ANALYZER_NUMBER_OBJECT_CONVERSION = YES_AGGRESSIVE;
				CLANG_CXX_LANGUAGE_STANDARD = "gnu++20";
				CLANG_ENABLE_MODULES = YES;
				CLANG_ENABLE_OBJC_ARC = YES;
				CLANG_ENABLE_OBJC_WEAK = YES;
				CLANG_WARN_BLOCK_CAPTURE_AUTORELEASING = YES;
				CLANG_WARN_BOOL_CONVERSION = YES;
				CLANG_WARN_COMMA = YES;
				CLANG_WARN_CONSTANT_CONVERSION = YES;
				CLANG_WARN_DEPRECATED_OBJC_IMPLEMENTATIONS = YES;
				CLANG_WARN_DIRECT_OBJC_ISA_USAGE = YES_ERROR;
				CLANG_WARN_DOCUMENTATION_COMMENTS = YES;
				CLANG_WARN_EMPTY_BODY = YES;
				CLANG_WARN_ENUM_CONVERSION = YES;
				CLANG_WARN_INFINITE_RECURSION = YES;
				CLANG_WARN_INT_CONVERSION = YES;
				CLANG_WARN_NON_LITERAL_NULL_CONVERSION = YES;
				CLANG_WARN_OBJC_IMPLICIT_RETAIN_SELF = YES;
				CLANG_WARN_OBJC_LITERAL_CONVERSION = YES;
				CLANG_WARN_OBJC_ROOT_CLASS = YES_ERROR;
				CLANG_WARN_QUOTED_INCLUDE_IN_FRAMEWORK_HEADER = YES;
				CLANG_WARN_RANGE_LOOP_ANALYSIS = YES;
				CLANG_WARN_STRICT_PROTOTYPES = YES;
				CLANG_WARN_SUSPICIOUS_MOVE = YES;
				CLANG_WARN_UNGUARDED_AVAILABILITY = YES_AGGRESSIVE;
				CLANG_WARN_UNREACHABLE_CODE = YES;
				CLANG_WARN__DUPLICATE_METHOD_MATCH = YES;
				COPY_PHASE_STRIP = NO;
				DEBUG_INFORMATION_FORMAT = dwarf;
				ENABLE_STRICT_OBJC_MSGSEND = YES;
				ENABLE_TESTABILITY = YES;
				GCC_C_LANGUAGE_STANDARD = gnu11;
				GCC_DYNAMIC_NO_PIC = NO;
				GCC_NO_COMMON_BLOCKS = YES;
				GCC_OPTIMIZATION_LEVEL = 0;
				GCC_PREPROCESSOR_DEFINITIONS = (
					"DEBUG=1",
					"$(inherited)",
				);
				GCC_WARN_64_TO_32_BIT_CONVERSION = YES;
				GCC_WARN_ABOUT_RETURN_TYPE = YES_ERROR;
				GCC_WARN_UNDECLARED_SELECTOR = YES;
				GCC_WARN_UNINITIALIZED_AUTOS = YES_AGGRESSIVE;
				GCC_WARN_UNUSED_FUNCTION = YES;
				GCC_WARN_UNUSED_VARIABLE = YES;
				IPHONEOS_DEPLOYMENT_TARGET = 16.2;
				MTL_ENABLE_DEBUG_INFO = INCLUDE_SOURCE;
				MTL_FAST_MATH = YES;
				ONLY_ACTIVE_ARCH = YES;
				SDKROOT = iphoneos;
				SWIFT_ACTIVE_COMPILATION_CONDITIONS = DEBUG;
				SWIFT_OPTIMIZATION_LEVEL = "-Onone";
			};
			name = Debug;
		};
		23078616299866730070BEC6 /* Release */ = {
			isa = XCBuildConfiguration;
			buildSettings = {
				ALWAYS_SEARCH_USER_PATHS = NO;
				CLANG_ANALYZER_NONNULL = YES;
				CLANG_ANALYZER_NUMBER_OBJECT_CONVERSION = YES_AGGRESSIVE;
				CLANG_CXX_LANGUAGE_STANDARD = "gnu++20";
				CLANG_ENABLE_MODULES = YES;
				CLANG_ENABLE_OBJC_ARC = YES;
				CLANG_ENABLE_OBJC_WEAK = YES;
				CLANG_WARN_BLOCK_CAPTURE_AUTORELEASING = YES;
				CLANG_WARN_BOOL_CONVERSION = YES;
				CLANG_WARN_COMMA = YES;
				CLANG_WARN_CONSTANT_CONVERSION = YES;
				CLANG_WARN_DEPRECATED_OBJC_IMPLEMENTATIONS = YES;
				CLANG_WARN_DIRECT_OBJC_ISA_USAGE = YES_ERROR;
				CLANG_WARN_DOCUMENTATION_COMMENTS = YES;
				CLANG_WARN_EMPTY_BODY = YES;
				CLANG_WARN_ENUM_CONVERSION = YES;
				CLANG_WARN_INFINITE_RECURSION = YES;
				CLANG_WARN_INT_CONVERSION = YES;
				CLANG_WARN_NON_LITERAL_NULL_CONVERSION = YES;
				CLANG_WARN_OBJC_IMPLICIT_RETAIN_SELF = YES;
				CLANG_WARN_OBJC_LITERAL_CONVERSION = YES;
				CLANG_WARN_OBJC_ROOT_CLASS = YES_ERROR;
				CLANG_WARN_QUOTED_INCLUDE_IN_FRAMEWORK_HEADER = YES;
				CLANG_WARN_RANGE_LOOP_ANALYSIS = YES;
				CLANG_WARN_STRICT_PROTOTYPES = YES;
				CLANG_WARN_SUSPICIOUS_MOVE = YES;
				CLANG_WARN_UNGUARDED_AVAILABILITY = YES_AGGRESSIVE;
				CLANG_WARN_UNREACHABLE_CODE = YES;
				CLANG_WARN__DUPLICATE_METHOD_MATCH = YES;
				COPY_PHASE_STRIP = NO;
				DEBUG_INFORMATION_FORMAT = "dwarf-with-dsym";
				ENABLE_NS_ASSERTIONS = NO;
				ENABLE_STRICT_OBJC_MSGSEND = YES;
				GCC_C_LANGUAGE_STANDARD = gnu11;
				GCC_NO_COMMON_BLOCKS = YES;
				GCC_WARN_64_TO_32_BIT_CONVERSION = YES;
				GCC_WARN_ABOUT_RETURN_TYPE = YES_ERROR;
				GCC_WARN_UNDECLARED_SELECTOR = YES;
				GCC_WARN_UNINITIALIZED_AUTOS = YES_AGGRESSIVE;
				GCC_WARN_UNUSED_FUNCTION = YES;
				GCC_WARN_UNUSED_VARIABLE = YES;
				IPHONEOS_DEPLOYMENT_TARGET = 16.2;
				MTL_ENABLE_DEBUG_INFO = NO;
				MTL_FAST_MATH = YES;
				SDKROOT = iphoneos;
				SWIFT_COMPILATION_MODE = wholemodule;
				SWIFT_OPTIMIZATION_LEVEL = "-O";
				VALIDATE_PRODUCT = YES;
			};
			name = Release;
		};
		23078618299866730070BEC6 /* Debug */ = {
			isa = XCBuildConfiguration;
			buildSettings = {
				ASSETCATALOG_COMPILER_APPICON_NAME = AppIcon;
				ASSETCATALOG_COMPILER_GLOBAL_ACCENT_COLOR_NAME = AccentColor;
				CODE_SIGN_STYLE = Automatic;
				CURRENT_PROJECT_VERSION = 1;
				DEVELOPMENT_TEAM = 8GLVHJH8KR;
				GENERATE_INFOPLIST_FILE = YES;
				INFOPLIST_FILE = SampleFirebase/Info.plist;
				INFOPLIST_KEY_UIApplicationSupportsIndirectInputEvents = YES;
				INFOPLIST_KEY_UILaunchStoryboardName = LaunchScreen;
				INFOPLIST_KEY_UIMainStoryboardFile = Main;
				INFOPLIST_KEY_UISupportedInterfaceOrientations_iPad = "UIInterfaceOrientationPortrait UIInterfaceOrientationPortraitUpsideDown UIInterfaceOrientationLandscapeLeft UIInterfaceOrientationLandscapeRight";
				INFOPLIST_KEY_UISupportedInterfaceOrientations_iPhone = "UIInterfaceOrientationPortrait UIInterfaceOrientationLandscapeLeft UIInterfaceOrientationLandscapeRight";
				LD_RUNPATH_SEARCH_PATHS = (
					"$(inherited)",
					"@executable_path/Frameworks",
				);
				MARKETING_VERSION = 1.0;
				PRODUCT_BUNDLE_IDENTIFIER = com.gmail.yuukunn3777.SampleFirebase;
				PRODUCT_NAME = "$(TARGET_NAME)";
				SWIFT_EMIT_LOC_STRINGS = YES;
				SWIFT_VERSION = 5.0;
				TARGETED_DEVICE_FAMILY = "1,2";
			};
			name = Debug;
		};
		23078619299866730070BEC6 /* Release */ = {
			isa = XCBuildConfiguration;
			buildSettings = {
				ASSETCATALOG_COMPILER_APPICON_NAME = AppIcon;
				ASSETCATALOG_COMPILER_GLOBAL_ACCENT_COLOR_NAME = AccentColor;
				CODE_SIGN_STYLE = Automatic;
				CURRENT_PROJECT_VERSION = 1;
				DEVELOPMENT_TEAM = 8GLVHJH8KR;
				GENERATE_INFOPLIST_FILE = YES;
				INFOPLIST_FILE = SampleFirebase/Info.plist;
				INFOPLIST_KEY_UIApplicationSupportsIndirectInputEvents = YES;
				INFOPLIST_KEY_UILaunchStoryboardName = LaunchScreen;
				INFOPLIST_KEY_UIMainStoryboardFile = Main;
				INFOPLIST_KEY_UISupportedInterfaceOrientations_iPad = "UIInterfaceOrientationPortrait UIInterfaceOrientationPortraitUpsideDown UIInterfaceOrientationLandscapeLeft UIInterfaceOrientationLandscapeRight";
				INFOPLIST_KEY_UISupportedInterfaceOrientations_iPhone = "UIInterfaceOrientationPortrait UIInterfaceOrientationLandscapeLeft UIInterfaceOrientationLandscapeRight";
				LD_RUNPATH_SEARCH_PATHS = (
					"$(inherited)",
					"@executable_path/Frameworks",
				);
				MARKETING_VERSION = 1.0;
				PRODUCT_BUNDLE_IDENTIFIER = com.gmail.yuukunn3777.SampleFirebase;
				PRODUCT_NAME = "$(TARGET_NAME)";
				SWIFT_EMIT_LOC_STRINGS = YES;
				SWIFT_VERSION = 5.0;
				TARGETED_DEVICE_FAMILY = "1,2";
			};
			name = Release;
		};
/* End XCBuildConfiguration section */

/* Begin XCConfigurationList section */
		230785FE299866710070BEC6 /* Build configuration list for PBXProject "SampleFirebase" */ = {
			isa = XCConfigurationList;
			buildConfigurations = (
				23078615299866730070BEC6 /* Debug */,
				23078616299866730070BEC6 /* Release */,
			);
			defaultConfigurationIsVisible = 0;
			defaultConfigurationName = Release;
		};
		23078617299866730070BEC6 /* Build configuration list for PBXNativeTarget "SampleFirebase" */ = {
			isa = XCConfigurationList;
			buildConfigurations = (
				23078618299866730070BEC6 /* Debug */,
				23078619299866730070BEC6 /* Release */,
			);
			defaultConfigurationIsVisible = 0;
			defaultConfigurationName = Release;
		};
/* End XCConfigurationList section */

/* Begin XCRemoteSwiftPackageReference section */
		2307861C299869330070BEC6 /* XCRemoteSwiftPackageReference "firebase-ios-sdk" */ = {
			isa = XCRemoteSwiftPackageReference;
			repositoryURL = "https://github.com/firebase/firebase-ios-sdk";
			requirement = {
				branch = master;
				kind = branch;
			};
		};
/* End XCRemoteSwiftPackageReference section */

/* Begin XCSwiftPackageProductDependency section */
		2307861D299869330070BEC6 /* FirebaseAnalytics */ = {
			isa = XCSwiftPackageProductDependency;
			package = 2307861C299869330070BEC6 /* XCRemoteSwiftPackageReference "firebase-ios-sdk" */;
			productName = FirebaseAnalytics;
		};
		2307861F299869330070BEC6 /* FirebaseAuth */ = {
			isa = XCSwiftPackageProductDependency;
			package = 2307861C299869330070BEC6 /* XCRemoteSwiftPackageReference "firebase-ios-sdk" */;
			productName = FirebaseAuth;
		};
		23078621299869330070BEC6 /* FirebaseFirestore */ = {
			isa = XCSwiftPackageProductDependency;
			package = 2307861C299869330070BEC6 /* XCRemoteSwiftPackageReference "firebase-ios-sdk" */;
			productName = FirebaseFirestore;
		};
		23078623299869330070BEC6 /* FirebaseStorage */ = {
			isa = XCSwiftPackageProductDependency;
			package = 2307861C299869330070BEC6 /* XCRemoteSwiftPackageReference "firebase-ios-sdk" */;
			productName = FirebaseStorage;
		};
/* End XCSwiftPackageProductDependency section */
	};
	rootObject = 230785FB299866710070BEC6 /* Project object */;
}
